
Microsoft Visual Studio Solution File, Format Version 12.00
# Visual Studio Version 16
VisualStudioVersion = 16.0.34031.81
MinimumVisualStudioVersion = 10.0.40219.1
Project("{FAE04EC0-301F-11D3-BF4B-00C04F79EFBC}") = "Tabuada", "Tabuada\Tabuada.csproj", "{F2FEF6EE-3086-41A4-A2FA-4AC913D0BABE}"
EndProject
Global
	GlobalSection(SolutionConfigurationPlatforms) = preSolution
		Debug|Any CPU = Debug|Any CPU
		Release|Any CPU = Release|Any CPU
	EndGlobalSection
	GlobalSection(ProjectConfigurationPlatforms) = postSolution
		{F2FEF6EE-3086-41A4-A2FA-4AC913D0BABE}.Debug|Any CPU.ActiveCfg = Debug|Any CPU
		{F2FEF6EE-3086-41A4-A2FA-4AC913D0BABE}.Debug|Any CPU.Build.0 = Debug|Any CPU
		{F2FEF6EE-3086-41A4-A2FA-4AC913D0BABE}.Release|Any CPU.ActiveCfg = Release|Any CPU
		{F2FEF6EE-3086-41A4-A2FA-4AC913D0BABE}.Release|Any CPU.Build.0 = Release|Any CPU
	EndGlobalSection
	GlobalSection(SolutionProperties) = preSolution
		HideSolutionNode = FALSE
	EndGlobalSection
	GlobalSection(ExtensibilityGlobals) = postSolution
		SolutionGuid = {F8485A9A-CC1B-4761-8877-1696EF6D17D3}
	EndGlobalSection
EndGlobal
